
Microsoft Visual Studio Solution File, Format Version 12.00
# Visual Studio Version 17
VisualStudioVersion = 17.10.35027.167
MinimumVisualStudioVersion = 10.0.40219.1
Project("{FAE04EC0-301F-11D3-BF4B-00C04F79EFBC}") = "WinForms", "WinForms\WinForms.csproj", "{A47E20C6-16CC-473B-A9A6-E48D869E6400}"
EndProject
Global
	GlobalSection(SolutionConfigurationPlatforms) = preSolution
		Debug|Any CPU = Debug|Any CPU
		Release|Any CPU = Release|Any CPU
	EndGlobalSection
	GlobalSection(ProjectConfigurationPlatforms) = postSolution
		{A47E20C6-16CC-473B-A9A6-E48D869E6400}.Debug|Any CPU.ActiveCfg = Debug|Any CPU
		{A47E20C6-16CC-473B-A9A6-E48D869E6400}.Debug|Any CPU.Build.0 = Debug|Any CPU
		{A47E20C6-16CC-473B-A9A6-E48D869E6400}.Release|Any CPU.ActiveCfg = Release|Any CPU
		{A47E20C6-16CC-473B-A9A6-E48D869E6400}.Release|Any CPU.Build.0 = Release|Any CPU
	EndGlobalSection
	GlobalSection(SolutionProperties) = preSolution
		HideSolutionNode = FALSE
	EndGlobalSection
	GlobalSection(ExtensibilityGlobals) = postSolution
		SolutionGuid = {175E5C0D-5435-4EDE-A96C-E0691A5F25A6}
	EndGlobalSection
EndGlobal
